
Microsoft Visual Studio Solution File, Format Version 12.00
# Visual Studio Version 18
VisualStudioVersion = 18.0.11217.181
MinimumVisualStudioVersion = 10.0.40219.1
Project("{9A19103F-16F7-4668-BE54-9A1E7A4F7556}") = "FuseDrill.Cli", "src\FuseDrill.Cli\FuseDrill.Cli.csproj", "{86275FC8-8BE6-4A5E-8007-833A007884B3}"
EndProject
Project("{9A19103F-16F7-4668-BE54-9A1E7A4F7556}") = "tests", "tests\FuseDrill.Tests\tests.csproj", "{32E7A06F-9282-41F6-A71A-357056FF0C8B}"
EndProject
Project("{9A19103F-16F7-4668-BE54-9A1E7A4F7556}") = "TestApi", "tests\TestApi\TestApi.csproj", "{94F95777-F330-4A08-BAC4-BA28623CAF1A}"
EndProject
Project("{9A19103F-16F7-4668-BE54-9A1E7A4F7556}") = "FuseDrill.Core", "src\FuseDrill.Core\FuseDrill.Core.csproj", "{B0B14AE0-3324-4F99-893C-0EA2CB68B830}"
EndProject
Project("{9A19103F-16F7-4668-BE54-9A1E7A4F7556}") = "FuseDrill", "src\FuseDrill\FuseDrill.csproj", "{793AD25A-C88D-488B-A583-A427148CC8AD}"
EndProject
Project("{2150E333-8FDC-42A3-9474-1A3956D46DE8}") = "Solution Items", "Solution Items", "{9326AB62-8006-4CE0-ABEB-F283E8785DB6}"
	ProjectSection(SolutionItems) = preProject
		api-snapshot.json = api-snapshot.json
		.github\workflows\ConsumerCi.yml = .github\workflows\ConsumerCi.yml
		global.json = global.json
		.github\workflows\PublishFusedrillCli.yml = .github\workflows\PublishFusedrillCli.yml
		.github\workflows\PublishNuget.yml = .github\workflows\PublishNuget.yml
		.github\workflows\UseAction.yml = .github\workflows\UseAction.yml
	EndProjectSection
EndProject
Project("{FAE04EC0-301F-11D3-BF4B-00C04F79EFBC}") = "FuseDrill.Cli.Tests", "tests\FuseDrill.Cli.Tests\FuseDrill.Cli.Tests.csproj", "{5E8280D8-CB9F-44A4-B51C-A4E4A51CE11B}"
EndProject
Project("{FAE04EC0-301F-11D3-BF4B-00C04F79EFBC}") = "FuseDrill.MCP", "src\FuseDrill.MCP\FuseDrill.MCP.csproj", "{FD54C36B-6DAE-4698-9690-F1BCFE59F44F}"
EndProject
Project("{FAE04EC0-301F-11D3-BF4B-00C04F79EFBC}") = "RequestCaptureAndReplay.AppHost", "RequestCaptureAndReplay\RequestCaptureAndReplay.AppHost\RequestCaptureAndReplay.AppHost.csproj", "{217E616D-65E3-44A1-BF27-8658BB622926}"
EndProject
Project("{FAE04EC0-301F-11D3-BF4B-00C04F79EFBC}") = "RequestCaptureAndReplay.ServiceDefaults", "RequestCaptureAndReplay\RequestCaptureAndReplay.ServiceDefaults\RequestCaptureAndReplay.ServiceDefaults.csproj", "{B9D48E5D-02F8-2364-7F04-3EC02B046F5F}"
EndProject
Project("{FAE04EC0-301F-11D3-BF4B-00C04F79EFBC}") = "RequestCaptureAndReplay.ApiService", "RequestCaptureAndReplay\RequestCaptureAndReplay.ApiService\RequestCaptureAndReplay.ApiService.csproj", "{80E24C7F-BE2C-D6F1-635C-AA2D079132A0}"
EndProject
Project("{FAE04EC0-301F-11D3-BF4B-00C04F79EFBC}") = "RequestCaptureAndReplay.Tests", "RequestCaptureAndReplay\RequestCaptureAndReplay.Tests\RequestCaptureAndReplay.Tests.csproj", "{031AECFB-A7BD-622C-1225-124FECC6D95E}"
EndProject
Global
	GlobalSection(SolutionConfigurationPlatforms) = preSolution
		Debug|Any CPU = Debug|Any CPU
		Release|Any CPU = Release|Any CPU
	EndGlobalSection
	GlobalSection(ProjectConfigurationPlatforms) = postSolution
		{86275FC8-8BE6-4A5E-8007-833A007884B3}.Debug|Any CPU.ActiveCfg = Debug|Any CPU
		{86275FC8-8BE6-4A5E-8007-833A007884B3}.Debug|Any CPU.Build.0 = Debug|Any CPU
		{86275FC8-8BE6-4A5E-8007-833A007884B3}.Release|Any CPU.ActiveCfg = Release|Any CPU
		{86275FC8-8BE6-4A5E-8007-833A007884B3}.Release|Any CPU.Build.0 = Release|Any CPU
		{32E7A06F-9282-41F6-A71A-357056FF0C8B}.Debug|Any CPU.ActiveCfg = Debug|Any CPU
		{32E7A06F-9282-41F6-A71A-357056FF0C8B}.Debug|Any CPU.Build.0 = Debug|Any CPU
		{32E7A06F-9282-41F6-A71A-357056FF0C8B}.Release|Any CPU.ActiveCfg = Release|Any CPU
		{32E7A06F-9282-41F6-A71A-357056FF0C8B}.Release|Any CPU.Build.0 = Release|Any CPU
		{94F95777-F330-4A08-BAC4-BA28623CAF1A}.Debug|Any CPU.ActiveCfg = Debug|Any CPU
		{94F95777-F330-4A08-BAC4-BA28623CAF1A}.Debug|Any CPU.Build.0 = Debug|Any CPU
		{94F95777-F330-4A08-BAC4-BA28623CAF1A}.Release|Any CPU.ActiveCfg = Release|Any CPU
		{94F95777-F330-4A08-BAC4-BA28623CAF1A}.Release|Any CPU.Build.0 = Release|Any CPU
		{B0B14AE0-3324-4F99-893C-0EA2CB68B830}.Debug|Any CPU.ActiveCfg = Debug|Any CPU
		{B0B14AE0-3324-4F99-893C-0EA2CB68B830}.Debug|Any CPU.Build.0 = Debug|Any CPU
		{B0B14AE0-3324-4F99-893C-0EA2CB68B830}.Release|Any CPU.ActiveCfg = Release|Any CPU
		{B0B14AE0-3324-4F99-893C-0EA2CB68B830}.Release|Any CPU.Build.0 = Release|Any CPU
		{793AD25A-C88D-488B-A583-A427148CC8AD}.Debug|Any CPU.ActiveCfg = Debug|Any CPU
		{793AD25A-C88D-488B-A583-A427148CC8AD}.Debug|Any CPU.Build.0 = Debug|Any CPU
		{793AD25A-C88D-488B-A583-A427148CC8AD}.Release|Any CPU.ActiveCfg = Release|Any CPU
		{793AD25A-C88D-488B-A583-A427148CC8AD}.Release|Any CPU.Build.0 = Release|Any CPU
		{5E8280D8-CB9F-44A4-B51C-A4E4A51CE11B}.Debug|Any CPU.ActiveCfg = Debug|Any CPU
		{5E8280D8-CB9F-44A4-B51C-A4E4A51CE11B}.Debug|Any CPU.Build.0 = Debug|Any CPU
		{5E8280D8-CB9F-44A4-B51C-A4E4A51CE11B}.Release|Any CPU.ActiveCfg = Release|Any CPU
		{5E8280D8-CB9F-44A4-B51C-A4E4A51CE11B}.Release|Any CPU.Build.0 = Release|Any CPU
		{FD54C36B-6DAE-4698-9690-F1BCFE59F44F}.Debug|Any CPU.ActiveCfg = Debug|Any CPU
		{FD54C36B-6DAE-4698-9690-F1BCFE59F44F}.Debug|Any CPU.Build.0 = Debug|Any CPU
		{FD54C36B-6DAE-4698-9690-F1BCFE59F44F}.Release|Any CPU.ActiveCfg = Release|Any CPU
		{FD54C36B-6DAE-4698-9690-F1BCFE59F44F}.Release|Any CPU.Build.0 = Release|Any CPU
		{217E616D-65E3-44A1-BF27-8658BB622926}.Debug|Any CPU.ActiveCfg = Debug|Any CPU
		{217E616D-65E3-44A1-BF27-8658BB622926}.Debug|Any CPU.Build.0 = Debug|Any CPU
		{217E616D-65E3-44A1-BF27-8658BB622926}.Release|Any CPU.ActiveCfg = Release|Any CPU
		{217E616D-65E3-44A1-BF27-8658BB622926}.Release|Any CPU.Build.0 = Release|Any CPU
		{B9D48E5D-02F8-2364-7F04-3EC02B046F5F}.Debug|Any CPU.ActiveCfg = Debug|Any CPU
		{B9D48E5D-02F8-2364-7F04-3EC02B046F5F}.Debug|Any CPU.Build.0 = Debug|Any CPU
		{B9D48E5D-02F8-2364-7F04-3EC02B046F5F}.Release|Any CPU.ActiveCfg = Release|Any CPU
		{B9D48E5D-02F8-2364-7F04-3EC02B046F5F}.Release|Any CPU.Build.0 = Release|Any CPU
		{80E24C7F-BE2C-D6F1-635C-AA2D079132A0}.Debug|Any CPU.ActiveCfg = Debug|Any CPU
		{80E24C7F-BE2C-D6F1-635C-AA2D079132A0}.Debug|Any CPU.Build.0 = Debug|Any CPU
		{80E24C7F-BE2C-D6F1-635C-AA2D079132A0}.Release|Any CPU.ActiveCfg = Release|Any CPU
		{80E24C7F-BE2C-D6F1-635C-AA2D079132A0}.Release|Any CPU.Build.0 = Release|Any CPU
		{031AECFB-A7BD-622C-1225-124FECC6D95E}.Debug|Any CPU.ActiveCfg = Debug|Any CPU
		{031AECFB-A7BD-622C-1225-124FECC6D95E}.Debug|Any CPU.Build.0 = Debug|Any CPU
		{031AECFB-A7BD-622C-1225-124FECC6D95E}.Release|Any CPU.ActiveCfg = Release|Any CPU
		{031AECFB-A7BD-622C-1225-124FECC6D95E}.Release|Any CPU.Build.0 = Release|Any CPU
	EndGlobalSection
	GlobalSection(SolutionProperties) = preSolution
		HideSolutionNode = FALSE
	EndGlobalSection
	GlobalSection(ExtensibilityGlobals) = postSolution
		SolutionGuid = {B8B79DE6-B75A-4A51-B196-D7DD113608C9}
	EndGlobalSection
EndGlobal
